
Microsoft Visual Studio Solution File, Format Version 12.00
# Visual Studio Version 17
VisualStudioVersion = 17.0.32112.339
MinimumVisualStudioVersion = 10.0.40219.1
Project("{FAE04EC0-301F-11D3-BF4B-00C04F79EFBC}") = "WebApi", "WebApi\WebApi.csproj", "{671F22E1-2217-4154-836D-EDE8ADFCF315}"
EndProject
Project("{FAE04EC0-301F-11D3-BF4B-00C04F79EFBC}") = "TextJsonSample", "TextJson\TextJsonSample.csproj", "{D9EB1A90-B321-4B2E-BA8A-3D52B8E48B85}"
EndProject
Project("{FAE04EC0-301F-11D3-BF4B-00C04F79EFBC}") = "JilSample", "JilSample\JilSample.csproj", "{15A51AFA-7EC9-4905-A259-27E57C42DDE6}"
EndProject
Global
	GlobalSection(SolutionConfigurationPlatforms) = preSolution
		Debug|Any CPU = Debug|Any CPU
		Release|Any CPU = Release|Any CPU
	EndGlobalSection
	GlobalSection(ProjectConfigurationPlatforms) = postSolution
		{671F22E1-2217-4154-836D-EDE8ADFCF315}.Debug|Any CPU.ActiveCfg = Debug|Any CPU
		{671F22E1-2217-4154-836D-EDE8ADFCF315}.Debug|Any CPU.Build.0 = Debug|Any CPU
		{671F22E1-2217-4154-836D-EDE8ADFCF315}.Release|Any CPU.ActiveCfg = Release|Any CPU
		{671F22E1-2217-4154-836D-EDE8ADFCF315}.Release|Any CPU.Build.0 = Release|Any CPU
		{D9EB1A90-B321-4B2E-BA8A-3D52B8E48B85}.Debug|Any CPU.ActiveCfg = Debug|Any CPU
		{D9EB1A90-B321-4B2E-BA8A-3D52B8E48B85}.Debug|Any CPU.Build.0 = Debug|Any CPU
		{D9EB1A90-B321-4B2E-BA8A-3D52B8E48B85}.Release|Any CPU.ActiveCfg = Release|Any CPU
		{D9EB1A90-B321-4B2E-BA8A-3D52B8E48B85}.Release|Any CPU.Build.0 = Release|Any CPU
		{15A51AFA-7EC9-4905-A259-27E57C42DDE6}.Debug|Any CPU.ActiveCfg = Debug|Any CPU
		{15A51AFA-7EC9-4905-A259-27E57C42DDE6}.Debug|Any CPU.Build.0 = Debug|Any CPU
		{15A51AFA-7EC9-4905-A259-27E57C42DDE6}.Release|Any CPU.ActiveCfg = Release|Any CPU
		{15A51AFA-7EC9-4905-A259-27E57C42DDE6}.Release|Any CPU.Build.0 = Release|Any CPU
	EndGlobalSection
	GlobalSection(SolutionProperties) = preSolution
		HideSolutionNode = FALSE
	EndGlobalSection
	GlobalSection(ExtensibilityGlobals) = postSolution
		SolutionGuid = {5F58EE76-B584-4492-AC76-4B5AD886AC44}
	EndGlobalSection
EndGlobal
